// !$*UTF8*$!
{
	archiveVersion = 1;
	classes = {
	};
	objectVersion = 56;
	objects = {

/* Begin PBXBuildFile section */
		B82128C82A090A5500270F26 /* main.cpp in Sources */ = {isa = PBXBuildFile; fileRef = B82128C72A090A5500270F26 /* main.cpp */; };
		B8AF2376293BEBFB00B09481 /* main.cpp in Sources */ = {isa = PBXBuildFile; fileRef = B8AF2375293BEBFB00B09481 /* main.cpp */; };
		B8B649F42985CFF000541678 /* main.cpp in Sources */ = {isa = PBXBuildFile; fileRef = B8B649F32985CFF000541678 /* main.cpp */; };
/* End PBXBuildFile section */

/* Begin PBXCopyFilesBuildPhase section */
		B82128C32A090A5500270F26 /* CopyFiles */ = {
			isa = PBXCopyFilesBuildPhase;
			buildActionMask = 2147483647;
			dstPath = /usr/share/man/man1/;
			dstSubfolderSpec = 0;
			files = (
			);
			runOnlyForDeploymentPostprocessing = 1;
		};
		B8AF2371293BEBFB00B09481 /* CopyFiles */ = {
			isa = PBXCopyFilesBuildPhase;
			buildActionMask = 2147483647;
			dstPath = /usr/share/man/man1/;
			dstSubfolderSpec = 0;
			files = (
			);
			runOnlyForDeploymentPostprocessing = 1;
		};
		B8B649EF2985CFF000541678 /* CopyFiles */ = {
			isa = PBXCopyFilesBuildPhase;
			buildActionMask = 2147483647;
			dstPath = /usr/share/man/man1/;
			dstSubfolderSpec = 0;
			files = (
			);
			runOnlyForDeploymentPostprocessing = 1;
		};
/* End PBXCopyFilesBuildPhase section */

/* Begin PBXFileReference section */
		B81442162A0A00720068A72F /* Listing 7.1 calling.h */ = {isa = PBXFileReference; lastKnownFileType = sourcecode.c.h; path = "Listing 7.1 calling.h"; sourceTree = "<group>"; };
		B81442172A0A0B3D0068A72F /* Listing 7.2 protos.h */ = {isa = PBXFileReference; lastKnownFileType = sourcecode.c.h; path = "Listing 7.2 protos.h"; sourceTree = "<group>"; };
		B82128C52A090A5500270F26 /* Chapter 7 Functions C++'s Programming Module */ = {isa = PBXFileReference; explicitFileType = "compiled.mach-o.executable"; includeInIndex = 0; path = "Chapter 7 Functions C++'s Programming Module"; sourceTree = BUILT_PRODUCTS_DIR; };
		B82128C72A090A5500270F26 /* main.cpp */ = {isa = PBXFileReference; lastKnownFileType = sourcecode.cpp.cpp; path = main.cpp; sourceTree = "<group>"; };
		B830B95C296E87F7009639B1 /* Listing 5.19 textin4.h */ = {isa = PBXFileReference; lastKnownFileType = sourcecode.c.h; path = "Listing 5.19 textin4.h"; sourceTree = "<group>"; };
		B83620E6295251CA0048A399 /* Listing 5.5 bigstep.h */ = {isa = PBXFileReference; lastKnownFileType = sourcecode.c.h; path = "Listing 5.5 bigstep.h"; sourceTree = "<group>"; };
		B8387AA22A0EE58500B8DEED /* Listing 7.3 twoarg.h */ = {isa = PBXFileReference; lastKnownFileType = sourcecode.c.h; path = "Listing 7.3 twoarg.h"; sourceTree = "<group>"; };
		B84407622998334800A1961D /* Listing 6.9 condit.h */ = {isa = PBXFileReference; lastKnownFileType = sourcecode.c.h; path = "Listing 6.9 condit.h"; sourceTree = "<group>"; };
		B847D29629525B9B006C92FD /* Listing 5.6 forstr1.h */ = {isa = PBXFileReference; lastKnownFileType = sourcecode.c.h; path = "Listing 5.6 forstr1.h"; sourceTree = "<group>"; };
		B847D2972953A76A006C92FD /* Listing 5.7 plus_one.h */ = {isa = PBXFileReference; lastKnownFileType = sourcecode.c.h; path = "Listing 5.7 plus_one.h"; sourceTree = "<group>"; };
		B847D29829544EFE006C92FD /* Listing 5.8 block.h */ = {isa = PBXFileReference; lastKnownFileType = sourcecode.c.h; path = "Listing 5.8 block.h"; sourceTree = "<group>"; };
		B86ADB41293C05F200757B38 /* main.cpp */ = {isa = PBXFileReference; lastKnownFileType = sourcecode.cpp.cpp; path = main.cpp; sourceTree = "<group>"; };
		B86ADB4329451FC500757B38 /* Listing 5.1 forloop.h */ = {isa = PBXFileReference; lastKnownFileType = sourcecode.c.h; path = "Listing 5.1 forloop.h"; sourceTree = "<group>"; };
		B86ADB442948444C00757B38 /* Listing 5.2 num_test.h */ = {isa = PBXFileReference; lastKnownFileType = sourcecode.c.h; path = "Listing 5.2 num_test.h"; sourceTree = "<group>"; };
		B86ADB45294849DD00757B38 /* Listing 5.3 express.h */ = {isa = PBXFileReference; lastKnownFileType = sourcecode.c.h; path = "Listing 5.3 express.h"; sourceTree = "<group>"; };
		B86ADB462949990600757B38 /* Listing 5.4 formore.h */ = {isa = PBXFileReference; lastKnownFileType = sourcecode.c.h; path = "Listing 5.4 formore.h"; sourceTree = "<group>"; };
		B87165542959A579008B054F /* Listing 5.11 compstr1.h */ = {isa = PBXFileReference; lastKnownFileType = sourcecode.c.h; path = "Listing 5.11 compstr1.h"; sourceTree = "<group>"; };
		B8716555296361F7008B054F /* Listing 5.12 compstr2.h */ = {isa = PBXFileReference; lastKnownFileType = sourcecode.c.h; path = "Listing 5.12 compstr2.h"; sourceTree = "<group>"; };
		B87165562963666A008B054F /* Listing 5.13 while.h */ = {isa = PBXFileReference; lastKnownFileType = sourcecode.c.h; path = "Listing 5.13 while.h"; sourceTree = "<group>"; };
		B871655729636F20008B054F /* Listing 5.14 waiting.h */ = {isa = PBXFileReference; lastKnownFileType = sourcecode.c.h; path = "Listing 5.14 waiting.h"; sourceTree = "<group>"; };
		B87165582964A804008B054F /* Listing 5.15 dowhile.h */ = {isa = PBXFileReference; lastKnownFileType = sourcecode.c.h; path = "Listing 5.15 dowhile.h"; sourceTree = "<group>"; };
		B87165592964B909008B054F /* Listing 5.16 textin1.h */ = {isa = PBXFileReference; lastKnownFileType = sourcecode.c.h; path = "Listing 5.16 textin1.h"; sourceTree = "<group>"; };
		B871655A2964BC1D008B054F /* Listing 5.17 textin2.h */ = {isa = PBXFileReference; lastKnownFileType = sourcecode.c.h; path = "Listing 5.17 textin2.h"; sourceTree = "<group>"; };
		B871655B2968CC68008B054F /* Listing 5.18 textin3.h */ = {isa = PBXFileReference; lastKnownFileType = sourcecode.c.h; path = "Listing 5.18 textin3.h"; sourceTree = "<group>"; };
		B87705A729EFA949006FDC44 /* Listing 6.16 sumafile.h */ = {isa = PBXFileReference; lastKnownFileType = sourcecode.c.h; path = "Listing 6.16 sumafile.h"; sourceTree = "<group>"; };
		B879A908299ABC95001309D4 /* Listing 6.10 switch.h */ = {isa = PBXFileReference; lastKnownFileType = sourcecode.c.h; path = "Listing 6.10 switch.h"; sourceTree = "<group>"; };
		B87B06F429298A3E00F1115A /* Listing 4.24 choices.h */ = {isa = PBXFileReference; lastKnownFileType = sourcecode.c.h; path = "Listing 4.24 choices.h"; sourceTree = "<group>"; };
		B888420A299B593C00E3D338 /* Listing 6.11 enum.h */ = {isa = PBXFileReference; lastKnownFileType = sourcecode.c.h; path = "Listing 6.11 enum.h"; sourceTree = "<group>"; };
		B890E9C1299CA9C700CD1C80 /* Listing 6.12 jump.h */ = {isa = PBXFileReference; lastKnownFileType = sourcecode.c.h; path = "Listing 6.12 jump.h"; sourceTree = "<group>"; };
		B897696E29936DE40095C7DA /* Listing 6.6 more end.h */ = {isa = PBXFileReference; lastKnownFileType = sourcecode.c.h; path = "Listing 6.6 more end.h"; sourceTree = "<group>"; };
		B897696F2994BB070095C7DA /* Listing 6.7 not.h */ = {isa = PBXFileReference; lastKnownFileType = sourcecode.c.h; path = "Listing 6.7 not.h"; sourceTree = "<group>"; };
		B897697029960EEA0095C7DA /* Listing 6.8 cctypes.h */ = {isa = PBXFileReference; lastKnownFileType = sourcecode.c.h; path = "Listing 6.8 cctypes.h"; sourceTree = "<group>"; };
		B897A84A2971251A003084EC /* Listing 5.20 nested.h */ = {isa = PBXFileReference; lastKnownFileType = sourcecode.c.h; path = "Listing 5.20 nested.h"; sourceTree = "<group>"; };
		B89A835429E916B7006FA723 /* Listing 6.15 outfile.h */ = {isa = PBXFileReference; lastKnownFileType = sourcecode.c.h; path = "Listing 6.15 outfile.h"; sourceTree = "<group>"; };
		B89DE63429E6709E0035A55C /* Listing 6.13 cinfish.h */ = {isa = PBXFileReference; lastKnownFileType = sourcecode.c.h; path = "Listing 6.13 cinfish.h"; sourceTree = "<group>"; };
		B8A9D6BD29E7C5EC00975744 /* Listing 6.14 cingolf.h */ = {isa = PBXFileReference; lastKnownFileType = sourcecode.c.h; path = "Listing 6.14 cingolf.h"; sourceTree = "<group>"; };
		B8ACD988298F046300443A19 /* Listing 6.3 if else if.h */ = {isa = PBXFileReference; lastKnownFileType = sourcecode.c.h; path = "Listing 6.3 if else if.h"; sourceTree = "<group>"; };
		B8AF2373293BEBFB00B09481 /* Chapter 5 Loops and Relational Expressions */ = {isa = PBXFileReference; explicitFileType = "compiled.mach-o.executable"; includeInIndex = 0; path = "Chapter 5 Loops and Relational Expressions"; sourceTree = BUILT_PRODUCTS_DIR; };
		B8AF2375293BEBFB00B09481 /* main.cpp */ = {isa = PBXFileReference; lastKnownFileType = sourcecode.cpp.cpp; path = main.cpp; sourceTree = "<group>"; };
		B8B1EB3029921AD4006A45A4 /* Listing 6.4 or.h */ = {isa = PBXFileReference; lastKnownFileType = sourcecode.c.h; path = "Listing 6.4 or.h"; sourceTree = "<group>"; };
		B8B1EB3129921F76006A45A4 /* Listing 6.5 end.h */ = {isa = PBXFileReference; lastKnownFileType = sourcecode.c.h; path = "Listing 6.5 end.h"; sourceTree = "<group>"; };
		B8B47F3029547AEA008D7C2B /* Listing 5.9 forstr2.h */ = {isa = PBXFileReference; lastKnownFileType = sourcecode.c.h; path = "Listing 5.9 forstr2.h"; sourceTree = "<group>"; };
		B8B47F312955CD1B008D7C2B /* Listing 5.10 equal.h */ = {isa = PBXFileReference; lastKnownFileType = sourcecode.c.h; path = "Listing 5.10 equal.h"; sourceTree = "<group>"; };
		B8B649F12985CFF000541678 /* Chapter 6 Branching Statements and Logical Operators */ = {isa = PBXFileReference; explicitFileType = "compiled.mach-o.executable"; includeInIndex = 0; path = "Chapter 6 Branching Statements and Logical Operators"; sourceTree = BUILT_PRODUCTS_DIR; };
		B8B649F32985CFF000541678 /* main.cpp */ = {isa = PBXFileReference; lastKnownFileType = sourcecode.cpp.cpp; path = main.cpp; sourceTree = "<group>"; };
		B8DA5F0B298CD32900BEE6EC /* Listing 6.1 if.h */ = {isa = PBXFileReference; lastKnownFileType = sourcecode.c.h; path = "Listing 6.1 if.h"; sourceTree = "<group>"; };
		B8DA5F0C298CD92200BEE6EC /* Listing 6.2 if else.h */ = {isa = PBXFileReference; lastKnownFileType = sourcecode.c.h; path = "Listing 6.2 if else.h"; sourceTree = "<group>"; };
/* End PBXFileReference section */

/* Begin PBXFrameworksBuildPhase section */
		B82128C22A090A5500270F26 /* Frameworks */ = {
			isa = PBXFrameworksBuildPhase;
			buildActionMask = 2147483647;
			files = (
			);
			runOnlyForDeploymentPostprocessing = 0;
		};
		B8AF2370293BEBFB00B09481 /* Frameworks */ = {
			isa = PBXFrameworksBuildPhase;
			buildActionMask = 2147483647;
			files = (
			);
			runOnlyForDeploymentPostprocessing = 0;
		};
		B8B649EE2985CFF000541678 /* Frameworks */ = {
			isa = PBXFrameworksBuildPhase;
			buildActionMask = 2147483647;
			files = (
			);
			runOnlyForDeploymentPostprocessing = 0;
		};
/* End PBXFrameworksBuildPhase section */

/* Begin PBXGroup section */
		B82128C62A090A5500270F26 /* Chapter 7 Functions C++'s Programming Module */ = {
			isa = PBXGroup;
			children = (
				B82128C72A090A5500270F26 /* main.cpp */,
				B81442162A0A00720068A72F /* Listing 7.1 calling.h */,
				B81442172A0A0B3D0068A72F /* Listing 7.2 protos.h */,
				B8387AA22A0EE58500B8DEED /* Listing 7.3 twoarg.h */,
			);
			path = "Chapter 7 Functions C++'s Programming Module";
			sourceTree = "<group>";
		};
		B87B06E1292988F600F1115A = {
			isa = PBXGroup;
			children = (
				B8AF2368293BEAFF00B09481 /* Chapter 4 Compound Types */,
				B8AF2374293BEBFB00B09481 /* Chapter 5 Loops and Relational Expressions */,
				B8B649F22985CFF000541678 /* Chapter 6 Branching Statements and Logical Operators */,
				B82128C62A090A5500270F26 /* Chapter 7 Functions C++'s Programming Module */,
				B87B06EB292988F600F1115A /* Products */,
			);
			sourceTree = "<group>";
		};
		B87B06EB292988F600F1115A /* Products */ = {
			isa = PBXGroup;
			children = (
				B8AF2373293BEBFB00B09481 /* Chapter 5 Loops and Relational Expressions */,
				B8B649F12985CFF000541678 /* Chapter 6 Branching Statements and Logical Operators */,
				B82128C52A090A5500270F26 /* Chapter 7 Functions C++'s Programming Module */,
			);
			name = Products;
			sourceTree = "<group>";
		};
		B8AF2368293BEAFF00B09481 /* Chapter 4 Compound Types */ = {
			isa = PBXGroup;
			children = (
				B87B06F429298A3E00F1115A /* Listing 4.24 choices.h */,
				B86ADB41293C05F200757B38 /* main.cpp */,
			);
			path = "Chapter 4 Compound Types";
			sourceTree = "<group>";
		};
		B8AF2374293BEBFB00B09481 /* Chapter 5 Loops and Relational Expressions */ = {
			isa = PBXGroup;
			children = (
				B8AF2375293BEBFB00B09481 /* main.cpp */,
				B86ADB4329451FC500757B38 /* Listing 5.1 forloop.h */,
				B86ADB442948444C00757B38 /* Listing 5.2 num_test.h */,
				B86ADB45294849DD00757B38 /* Listing 5.3 express.h */,
				B86ADB462949990600757B38 /* Listing 5.4 formore.h */,
				B83620E6295251CA0048A399 /* Listing 5.5 bigstep.h */,
				B847D29629525B9B006C92FD /* Listing 5.6 forstr1.h */,
				B847D2972953A76A006C92FD /* Listing 5.7 plus_one.h */,
				B847D29829544EFE006C92FD /* Listing 5.8 block.h */,
				B8B47F3029547AEA008D7C2B /* Listing 5.9 forstr2.h */,
				B8B47F312955CD1B008D7C2B /* Listing 5.10 equal.h */,
				B87165542959A579008B054F /* Listing 5.11 compstr1.h */,
				B8716555296361F7008B054F /* Listing 5.12 compstr2.h */,
				B87165562963666A008B054F /* Listing 5.13 while.h */,
				B871655729636F20008B054F /* Listing 5.14 waiting.h */,
				B87165582964A804008B054F /* Listing 5.15 dowhile.h */,
				B87165592964B909008B054F /* Listing 5.16 textin1.h */,
				B871655A2964BC1D008B054F /* Listing 5.17 textin2.h */,
				B871655B2968CC68008B054F /* Listing 5.18 textin3.h */,
				B830B95C296E87F7009639B1 /* Listing 5.19 textin4.h */,
				B897A84A2971251A003084EC /* Listing 5.20 nested.h */,
			);
			path = "Chapter 5 Loops and Relational Expressions";
			sourceTree = "<group>";
		};
		B8B649F22985CFF000541678 /* Chapter 6 Branching Statements and Logical Operators */ = {
			isa = PBXGroup;
			children = (
				B8B649F32985CFF000541678 /* main.cpp */,
				B890E9C1299CA9C700CD1C80 /* Listing 6.12 jump.h */,
				B888420A299B593C00E3D338 /* Listing 6.11 enum.h */,
				B879A908299ABC95001309D4 /* Listing 6.10 switch.h */,
				B84407622998334800A1961D /* Listing 6.9 condit.h */,
				B897697029960EEA0095C7DA /* Listing 6.8 cctypes.h */,
				B897696F2994BB070095C7DA /* Listing 6.7 not.h */,
				B897696E29936DE40095C7DA /* Listing 6.6 more end.h */,
				B8B1EB3129921F76006A45A4 /* Listing 6.5 end.h */,
				B8B1EB3029921AD4006A45A4 /* Listing 6.4 or.h */,
				B8ACD988298F046300443A19 /* Listing 6.3 if else if.h */,
				B8DA5F0C298CD92200BEE6EC /* Listing 6.2 if else.h */,
				B8DA5F0B298CD32900BEE6EC /* Listing 6.1 if.h */,
				B89DE63429E6709E0035A55C /* Listing 6.13 cinfish.h */,
				B8A9D6BD29E7C5EC00975744 /* Listing 6.14 cingolf.h */,
				B89A835429E916B7006FA723 /* Listing 6.15 outfile.h */,
				B87705A729EFA949006FDC44 /* Listing 6.16 sumafile.h */,
			);
			path = "Chapter 6 Branching Statements and Logical Operators";
			sourceTree = "<group>";
		};
/* End PBXGroup section */

/* Begin PBXNativeTarget section */
		B82128C42A090A5500270F26 /* Chapter 7 Functions C++'s Programming Module */ = {
			isa = PBXNativeTarget;
			buildConfigurationList = B82128C92A090A5500270F26 /* Build configuration list for PBXNativeTarget "Chapter 7 Functions C++'s Programming Module" */;
			buildPhases = (
				B82128C12A090A5500270F26 /* Sources */,
				B82128C22A090A5500270F26 /* Frameworks */,
				B82128C32A090A5500270F26 /* CopyFiles */,
			);
			buildRules = (
			);
			dependencies = (
			);
			name = "Chapter 7 Functions C++'s Programming Module";
			productName = "Chapter 7 Functions C++'s Programming Module";
			productReference = B82128C52A090A5500270F26 /* Chapter 7 Functions C++'s Programming Module */;
			productType = "com.apple.product-type.tool";
		};
		B8AF2372293BEBFB00B09481 /* Chapter 5 Loops and Relational Expressions */ = {
			isa = PBXNativeTarget;
			buildConfigurationList = B8AF2377293BEBFB00B09481 /* Build configuration list for PBXNativeTarget "Chapter 5 Loops and Relational Expressions" */;
			buildPhases = (
				B8AF236F293BEBFB00B09481 /* Sources */,
				B8AF2370293BEBFB00B09481 /* Frameworks */,
				B8AF2371293BEBFB00B09481 /* CopyFiles */,
			);
			buildRules = (
			);
			dependencies = (
			);
			name = "Chapter 5 Loops and Relational Expressions";
			productName = "Chapter 5 Loops and Relational Expressions";
			productReference = B8AF2373293BEBFB00B09481 /* Chapter 5 Loops and Relational Expressions */;
			productType = "com.apple.product-type.tool";
		};
		B8B649F02985CFF000541678 /* Chapter 6 Branching Statements and Logical Operators */ = {
			isa = PBXNativeTarget;
			buildConfigurationList = B8B649F72985CFF000541678 /* Build configuration list for PBXNativeTarget "Chapter 6 Branching Statements and Logical Operators" */;
			buildPhases = (
				B8B649ED2985CFF000541678 /* Sources */,
				B8B649EE2985CFF000541678 /* Frameworks */,
				B8B649EF2985CFF000541678 /* CopyFiles */,
			);
			buildRules = (
			);
			dependencies = (
			);
			name = "Chapter 6 Branching Statements and Logical Operators";
			productName = "Chapter 6 Branching Statements and Logical Operators";
			productReference = B8B649F12985CFF000541678 /* Chapter 6 Branching Statements and Logical Operators */;
			productType = "com.apple.product-type.tool";
		};
/* End PBXNativeTarget section */

/* Begin PBXProject section */
		B87B06E2292988F600F1115A /* Project object */ = {
			isa = PBXProject;
			attributes = {
				BuildIndependentTargetsInParallel = 1;
				LastUpgradeCheck = 1420;
				TargetAttributes = {
					B82128C42A090A5500270F26 = {
						CreatedOnToolsVersion = 14.2;
					};
					B8AF2372293BEBFB00B09481 = {
						CreatedOnToolsVersion = 14.1;
					};
					B8B649F02985CFF000541678 = {
						CreatedOnToolsVersion = 14.2;
					};
				};
			};
			buildConfigurationList = B87B06E5292988F600F1115A /* Build configuration list for PBXProject "C++ Primer Plus 6th Edytion Stephen Prata" */;
			compatibilityVersion = "Xcode 14.0";
			developmentRegion = en;
			hasScannedForEncodings = 0;
			knownRegions = (
				en,
				Base,
			);
			mainGroup = B87B06E1292988F600F1115A;
			productRefGroup = B87B06EB292988F600F1115A /* Products */;
			projectDirPath = "";
			projectRoot = "";
			targets = (
				B8AF2372293BEBFB00B09481 /* Chapter 5 Loops and Relational Expressions */,
				B8B649F02985CFF000541678 /* Chapter 6 Branching Statements and Logical Operators */,
				B82128C42A090A5500270F26 /* Chapter 7 Functions C++'s Programming Module */,
			);
		};
/* End PBXProject section */

/* Begin PBXSourcesBuildPhase section */
		B82128C12A090A5500270F26 /* Sources */ = {
			isa = PBXSourcesBuildPhase;
			buildActionMask = 2147483647;
			files = (
				B82128C82A090A5500270F26 /* main.cpp in Sources */,
			);
			runOnlyForDeploymentPostprocessing = 0;
		};
		B8AF236F293BEBFB00B09481 /* Sources */ = {
			isa = PBXSourcesBuildPhase;
			buildActionMask = 2147483647;
			files = (
				B8AF2376293BEBFB00B09481 /* main.cpp in Sources */,
			);
			runOnlyForDeploymentPostprocessing = 0;
		};
		B8B649ED2985CFF000541678 /* Sources */ = {
			isa = PBXSourcesBuildPhase;
			buildActionMask = 2147483647;
			files = (
				B8B649F42985CFF000541678 /* main.cpp in Sources */,
			);
			runOnlyForDeploymentPostprocessing = 0;
		};
/* End PBXSourcesBuildPhase section */

/* Begin XCBuildConfiguration section */
		B82128CA2A090A5500270F26 /* Debug */ = {
			isa = XCBuildConfiguration;
			buildSettings = {
				CLANG_CXX_LANGUAGE_STANDARD = "gnu++20";
				CLANG_WARN_COMMA = YES;
				CODE_SIGN_STYLE = Automatic;
				GCC_WARN_UNINITIALIZED_AUTOS = YES_AGGRESSIVE;
				GCC_WARN_UNUSED_FUNCTION = YES;
				GCC_WARN_UNUSED_VARIABLE = YES;
				PRODUCT_NAME = "$(TARGET_NAME)";
			};
			name = Debug;
		};
		B82128CB2A090A5500270F26 /* Release */ = {
			isa = XCBuildConfiguration;
			buildSettings = {
				CLANG_CXX_LANGUAGE_STANDARD = "gnu++20";
				CLANG_WARN_COMMA = YES;
				CODE_SIGN_STYLE = Automatic;
				GCC_WARN_UNINITIALIZED_AUTOS = YES_AGGRESSIVE;
				GCC_WARN_UNUSED_FUNCTION = YES;
				GCC_WARN_UNUSED_VARIABLE = YES;
				PRODUCT_NAME = "$(TARGET_NAME)";
			};
			name = Release;
		};
		B87B06EF292988F600F1115A /* Debug */ = {
			isa = XCBuildConfiguration;
			buildSettings = {
				ALWAYS_SEARCH_USER_PATHS = NO;
				CLANG_ANALYZER_DEADCODE_DEADSTORES = NO;
				CLANG_ANALYZER_NONNULL = YES;
				CLANG_ANALYZER_NUMBER_OBJECT_CONVERSION = YES_AGGRESSIVE;
				CLANG_CXX_LANGUAGE_STANDARD = "gnu++17";
				CLANG_ENABLE_MODULES = YES;
				CLANG_ENABLE_OBJC_ARC = YES;
				CLANG_ENABLE_OBJC_WEAK = YES;
				CLANG_WARN_BLOCK_CAPTURE_AUTORELEASING = YES;
				CLANG_WARN_BOOL_CONVERSION = YES;
				CLANG_WARN_COMMA = NO;
				CLANG_WARN_CONSTANT_CONVERSION = YES;
				CLANG_WARN_DEPRECATED_OBJC_IMPLEMENTATIONS = YES;
				CLANG_WARN_DIRECT_OBJC_ISA_USAGE = YES_ERROR;
				CLANG_WARN_DOCUMENTATION_COMMENTS = YES;
				CLANG_WARN_EMPTY_BODY = YES;
				CLANG_WARN_ENUM_CONVERSION = YES;
				CLANG_WARN_INFINITE_RECURSION = YES;
				CLANG_WARN_INT_CONVERSION = YES;
				CLANG_WARN_NON_LITERAL_NULL_CONVERSION = YES;
				CLANG_WARN_OBJC_IMPLICIT_RETAIN_SELF = YES;
				CLANG_WARN_OBJC_LITERAL_CONVERSION = YES;
				CLANG_WARN_OBJC_ROOT_CLASS = YES_ERROR;
				CLANG_WARN_QUOTED_INCLUDE_IN_FRAMEWORK_HEADER = YES;
				CLANG_WARN_RANGE_LOOP_ANALYSIS = YES;
				CLANG_WARN_STRICT_PROTOTYPES = YES;
				CLANG_WARN_SUSPICIOUS_MOVE = YES;
				CLANG_WARN_UNGUARDED_AVAILABILITY = YES_AGGRESSIVE;
				CLANG_WARN_UNREACHABLE_CODE = YES;
				CLANG_WARN__DUPLICATE_METHOD_MATCH = YES;
				COPY_PHASE_STRIP = NO;
				DEAD_CODE_STRIPPING = YES;
				DEBUG_INFORMATION_FORMAT = dwarf;
				ENABLE_STRICT_OBJC_MSGSEND = YES;
				ENABLE_TESTABILITY = YES;
				GCC_C_LANGUAGE_STANDARD = gnu11;
				GCC_DYNAMIC_NO_PIC = NO;
				GCC_NO_COMMON_BLOCKS = YES;
				GCC_OPTIMIZATION_LEVEL = 0;
				GCC_PREPROCESSOR_DEFINITIONS = (
					"DEBUG=1",
					"$(inherited)",
				);
				GCC_WARN_64_TO_32_BIT_CONVERSION = YES;
				GCC_WARN_ABOUT_RETURN_TYPE = YES_ERROR;
				GCC_WARN_UNDECLARED_SELECTOR = YES;
				GCC_WARN_UNINITIALIZED_AUTOS = NO;
				"GCC_WARN_UNINITIALIZED_AUTOS[arch=*]" = NO;
				GCC_WARN_UNUSED_FUNCTION = NO;
				GCC_WARN_UNUSED_VARIABLE = NO;
				MACOSX_DEPLOYMENT_TARGET = 12.6;
				MTL_ENABLE_DEBUG_INFO = INCLUDE_SOURCE;
				MTL_FAST_MATH = YES;
				ONLY_ACTIVE_ARCH = YES;
				SDKROOT = macosx;
				VALIDATE_PRODUCT = NO;
			};
			name = Debug;
		};
		B87B06F0292988F600F1115A /* Release */ = {
			isa = XCBuildConfiguration;
			buildSettings = {
				ALWAYS_SEARCH_USER_PATHS = NO;
				CLANG_ANALYZER_DEADCODE_DEADSTORES = NO;
				CLANG_ANALYZER_NONNULL = YES;
				CLANG_ANALYZER_NUMBER_OBJECT_CONVERSION = YES_AGGRESSIVE;
				CLANG_CXX_LANGUAGE_STANDARD = "gnu++17";
				CLANG_ENABLE_MODULES = YES;
				CLANG_ENABLE_OBJC_ARC = YES;
				CLANG_ENABLE_OBJC_WEAK = YES;
				CLANG_WARN_BLOCK_CAPTURE_AUTORELEASING = YES;
				CLANG_WARN_BOOL_CONVERSION = YES;
				CLANG_WARN_COMMA = NO;
				CLANG_WARN_CONSTANT_CONVERSION = YES;
				CLANG_WARN_DEPRECATED_OBJC_IMPLEMENTATIONS = YES;
				CLANG_WARN_DIRECT_OBJC_ISA_USAGE = YES_ERROR;
				CLANG_WARN_DOCUMENTATION_COMMENTS = YES;
				CLANG_WARN_EMPTY_BODY = YES;
				CLANG_WARN_ENUM_CONVERSION = YES;
				CLANG_WARN_INFINITE_RECURSION = YES;
				CLANG_WARN_INT_CONVERSION = YES;
				CLANG_WARN_NON_LITERAL_NULL_CONVERSION = YES;
				CLANG_WARN_OBJC_IMPLICIT_RETAIN_SELF = YES;
				CLANG_WARN_OBJC_LITERAL_CONVERSION = YES;
				CLANG_WARN_OBJC_ROOT_CLASS = YES_ERROR;
				CLANG_WARN_QUOTED_INCLUDE_IN_FRAMEWORK_HEADER = YES;
				CLANG_WARN_RANGE_LOOP_ANALYSIS = YES;
				CLANG_WARN_STRICT_PROTOTYPES = YES;
				CLANG_WARN_SUSPICIOUS_MOVE = YES;
				CLANG_WARN_UNGUARDED_AVAILABILITY = YES_AGGRESSIVE;
				CLANG_WARN_UNREACHABLE_CODE = YES;
				CLANG_WARN__DUPLICATE_METHOD_MATCH = YES;
				COPY_PHASE_STRIP = NO;
				DEAD_CODE_STRIPPING = YES;
				DEBUG_INFORMATION_FORMAT = "dwarf-with-dsym";
				ENABLE_NS_ASSERTIONS = NO;
				ENABLE_STRICT_OBJC_MSGSEND = YES;
				GCC_C_LANGUAGE_STANDARD = gnu11;
				GCC_NO_COMMON_BLOCKS = YES;
				GCC_WARN_64_TO_32_BIT_CONVERSION = YES;
				GCC_WARN_ABOUT_RETURN_TYPE = YES_ERROR;
				GCC_WARN_UNDECLARED_SELECTOR = YES;
				GCC_WARN_UNINITIALIZED_AUTOS = NO;
				GCC_WARN_UNUSED_FUNCTION = NO;
				GCC_WARN_UNUSED_VARIABLE = NO;
				MACOSX_DEPLOYMENT_TARGET = 12.6;
				MTL_ENABLE_DEBUG_INFO = NO;
				MTL_FAST_MATH = YES;
				SDKROOT = macosx;
			};
			name = Release;
		};
		B8AF2378293BEBFB00B09481 /* Debug */ = {
			isa = XCBuildConfiguration;
			buildSettings = {
				CODE_SIGN_IDENTITY = "-";
				CODE_SIGN_STYLE = Automatic;
				DEAD_CODE_STRIPPING = YES;
				GCC_WARN_UNUSED_FUNCTION = NO;
				GCC_WARN_UNUSED_VARIABLE = NO;
				PRODUCT_NAME = "$(TARGET_NAME)";
			};
			name = Debug;
		};
		B8AF2379293BEBFB00B09481 /* Release */ = {
			isa = XCBuildConfiguration;
			buildSettings = {
				CODE_SIGN_IDENTITY = "-";
				CODE_SIGN_STYLE = Automatic;
				DEAD_CODE_STRIPPING = YES;
				GCC_WARN_UNUSED_FUNCTION = NO;
				GCC_WARN_UNUSED_VARIABLE = NO;
				PRODUCT_NAME = "$(TARGET_NAME)";
			};
			name = Release;
		};
		B8B649F52985CFF000541678 /* Debug */ = {
			isa = XCBuildConfiguration;
			buildSettings = {
				CLANG_CXX_LANGUAGE_STANDARD = "gnu++20";
				CLANG_WARN_COMMA = YES;
				CODE_SIGN_STYLE = Automatic;
				GCC_WARN_UNINITIALIZED_AUTOS = YES_AGGRESSIVE;
				GCC_WARN_UNUSED_FUNCTION = YES;
				GCC_WARN_UNUSED_VARIABLE = YES;
				PRODUCT_NAME = "$(TARGET_NAME)";
			};
			name = Debug;
		};
		B8B649F62985CFF000541678 /* Release */ = {
			isa = XCBuildConfiguration;
			buildSettings = {
				CLANG_CXX_LANGUAGE_STANDARD = "gnu++20";
				CLANG_WARN_COMMA = YES;
				CODE_SIGN_STYLE = Automatic;
				GCC_WARN_UNINITIALIZED_AUTOS = YES_AGGRESSIVE;
				GCC_WARN_UNUSED_FUNCTION = YES;
				GCC_WARN_UNUSED_VARIABLE = YES;
				PRODUCT_NAME = "$(TARGET_NAME)";
			};
			name = Release;
		};
/* End XCBuildConfiguration section */

/* Begin XCConfigurationList section */
		B82128C92A090A5500270F26 /* Build configuration list for PBXNativeTarget "Chapter 7 Functions C++'s Programming Module" */ = {
			isa = XCConfigurationList;
			buildConfigurations = (
				B82128CA2A090A5500270F26 /* Debug */,
				B82128CB2A090A5500270F26 /* Release */,
			);
			defaultConfigurationIsVisible = 0;
			defaultConfigurationName = Release;
		};
		B87B06E5292988F600F1115A /* Build configuration list for PBXProject "C++ Primer Plus 6th Edytion Stephen Prata" */ = {
			isa = XCConfigurationList;
			buildConfigurations = (
				B87B06EF292988F600F1115A /* Debug */,
				B87B06F0292988F600F1115A /* Release */,
			);
			defaultConfigurationIsVisible = 0;
			defaultConfigurationName = Release;
		};
		B8AF2377293BEBFB00B09481 /* Build configuration list for PBXNativeTarget "Chapter 5 Loops and Relational Expressions" */ = {
			isa = XCConfigurationList;
			buildConfigurations = (
				B8AF2378293BEBFB00B09481 /* Debug */,
				B8AF2379293BEBFB00B09481 /* Release */,
			);
			defaultConfigurationIsVisible = 0;
			defaultConfigurationName = Release;
		};
		B8B649F72985CFF000541678 /* Build configuration list for PBXNativeTarget "Chapter 6 Branching Statements and Logical Operators" */ = {
			isa = XCConfigurationList;
			buildConfigurations = (
				B8B649F52985CFF000541678 /* Debug */,
				B8B649F62985CFF000541678 /* Release */,
			);
			defaultConfigurationIsVisible = 0;
			defaultConfigurationName = Release;
		};
/* End XCConfigurationList section */
	};
	rootObject = B87B06E2292988F600F1115A /* Project object */;
}
